
Microsoft Visual Studio Solution File, Format Version 12.00
# Visual Studio Version 17
VisualStudioVersion = 17.5.33516.290
MinimumVisualStudioVersion = 10.0.40219.1
Project("{8BC9CEB8-8B4A-11D0-8D11-00A0C91BC942}") = "gameboyx", "gameboyx\gameboyx.vcxproj", "{3FE4ACE0-5AC0-4FDE-8177-956836A9A78F}"
	ProjectSection(ProjectDependencies) = postProject
		{127B95A8-88BA-479E-91AA-C716F8FF656B} = {127B95A8-88BA-479E-91AA-C716F8FF656B}
		{43A07674-191F-4B63-9D13-E5EC3953B0A2} = {43A07674-191F-4B63-9D13-E5EC3953B0A2}
		{81CE8DAF-EBB2-4761-8E45-B71ABCCA8C68} = {81CE8DAF-EBB2-4761-8E45-B71ABCCA8C68}
		{DA956FD3-E142-46F2-9DD5-C78BEBB56B7A} = {DA956FD3-E142-46F2-9DD5-C78BEBB56B7A}
	EndProjectSection
EndProject
Project("{8BC9CEB8-8B4A-11D0-8D11-00A0C91BC942}") = "nfdext-lib", "nfdext-lib\nfdext-lib.vcxproj", "{B8FFD07F-0E4F-475F-A400-9D0F95B996B9}"
EndProject
Project("{54435603-DBB4-11D2-8724-00A0C9A8B90C}") = "gameboyx_win_x64", "gameboyx_win_x64\gameboyx_win_x64.vdproj", "{3C0EB161-547C-44CC-9317-114451754A06}"
EndProject
Project("{54435603-DBB4-11D2-8724-00A0C9A8B90C}") = "gameboyx_win_x86", "gameboyx_win_x86\gameboyx_win_x86.vdproj", "{BDDD09E0-F5E4-4814-8378-6A7B48ED6BD0}"
EndProject
Project("{8BC9CEB8-8B4A-11D0-8D11-00A0C91BC942}") = "backend", "submodules\backend\backend\backend.vcxproj", "{127B95A8-88BA-479E-91AA-C716F8FF656B}"
	ProjectSection(ProjectDependencies) = postProject
		{43A07674-191F-4B63-9D13-E5EC3953B0A2} = {43A07674-191F-4B63-9D13-E5EC3953B0A2}
		{81CE8DAF-EBB2-4761-8E45-B71ABCCA8C68} = {81CE8DAF-EBB2-4761-8E45-B71ABCCA8C68}
		{B8FFD07F-0E4F-475F-A400-9D0F95B996B9} = {B8FFD07F-0E4F-475F-A400-9D0F95B996B9}
		{DA956FD3-E142-46F2-9DD5-C78BEBB56B7A} = {DA956FD3-E142-46F2-9DD5-C78BEBB56B7A}
	EndProjectSection
EndProject
Project("{8BC9CEB8-8B4A-11D0-8D11-00A0C91BC942}") = "SDL2", "submodules\backend\submodules\SDL\VisualC\SDL\SDL.vcxproj", "{81CE8DAF-EBB2-4761-8E45-B71ABCCA8C68}"
EndProject
Project("{8BC9CEB8-8B4A-11D0-8D11-00A0C91BC942}") = "SDL2main", "submodules\backend\submodules\SDL\VisualC\SDLmain\SDLmain.vcxproj", "{DA956FD3-E142-46F2-9DD5-C78BEBB56B7A}"
EndProject
Project("{8BC9CEB8-8B4A-11D0-8D11-00A0C91BC942}") = "imgui-lib", "submodules\backend\imgui-lib\imgui-lib.vcxproj", "{43A07674-191F-4B63-9D13-E5EC3953B0A2}"
	ProjectSection(ProjectDependencies) = postProject
		{81CE8DAF-EBB2-4761-8E45-B71ABCCA8C68} = {81CE8DAF-EBB2-4761-8E45-B71ABCCA8C68}
		{DA956FD3-E142-46F2-9DD5-C78BEBB56B7A} = {DA956FD3-E142-46F2-9DD5-C78BEBB56B7A}
	EndProjectSection
EndProject
Global
	GlobalSection(SolutionConfigurationPlatforms) = preSolution
		Debug|x64 = Debug|x64
		Debug|x86 = Debug|x86
		Release_installer|x64 = Release_installer|x64
		Release_installer|x86 = Release_installer|x86
		Release_portable|x64 = Release_portable|x64
		Release_portable|x86 = Release_portable|x86
		Release|x64 = Release|x64
		Release|x86 = Release|x86
	EndGlobalSection
	GlobalSection(ProjectConfigurationPlatforms) = postSolution
		{3FE4ACE0-5AC0-4FDE-8177-956836A9A78F}.Debug|x64.ActiveCfg = Debug|x64
		{3FE4ACE0-5AC0-4FDE-8177-956836A9A78F}.Debug|x64.Build.0 = Debug|x64
		{3FE4ACE0-5AC0-4FDE-8177-956836A9A78F}.Debug|x86.ActiveCfg = Debug|Win32
		{3FE4ACE0-5AC0-4FDE-8177-956836A9A78F}.Debug|x86.Build.0 = Debug|Win32
		{3FE4ACE0-5AC0-4FDE-8177-956836A9A78F}.Release_installer|x64.ActiveCfg = Release_installer|x64
		{3FE4ACE0-5AC0-4FDE-8177-956836A9A78F}.Release_installer|x64.Build.0 = Release_installer|x64
		{3FE4ACE0-5AC0-4FDE-8177-956836A9A78F}.Release_installer|x86.ActiveCfg = Release_installer|Win32
		{3FE4ACE0-5AC0-4FDE-8177-956836A9A78F}.Release_installer|x86.Build.0 = Release_installer|Win32
		{3FE4ACE0-5AC0-4FDE-8177-956836A9A78F}.Release_portable|x64.ActiveCfg = Release_portable|x64
		{3FE4ACE0-5AC0-4FDE-8177-956836A9A78F}.Release_portable|x64.Build.0 = Release_portable|x64
		{3FE4ACE0-5AC0-4FDE-8177-956836A9A78F}.Release_portable|x86.ActiveCfg = Release_portable|Win32
		{3FE4ACE0-5AC0-4FDE-8177-956836A9A78F}.Release_portable|x86.Build.0 = Release_portable|Win32
		{3FE4ACE0-5AC0-4FDE-8177-956836A9A78F}.Release|x64.ActiveCfg = Release_installer|x64
		{3FE4ACE0-5AC0-4FDE-8177-956836A9A78F}.Release|x64.Build.0 = Release_installer|x64
		{3FE4ACE0-5AC0-4FDE-8177-956836A9A78F}.Release|x86.ActiveCfg = Release_installer|Win32
		{3FE4ACE0-5AC0-4FDE-8177-956836A9A78F}.Release|x86.Build.0 = Release_installer|Win32
		{B8FFD07F-0E4F-475F-A400-9D0F95B996B9}.Debug|x64.ActiveCfg = Debug|x64
		{B8FFD07F-0E4F-475F-A400-9D0F95B996B9}.Debug|x64.Build.0 = Debug|x64
		{B8FFD07F-0E4F-475F-A400-9D0F95B996B9}.Debug|x86.ActiveCfg = Debug|Win32
		{B8FFD07F-0E4F-475F-A400-9D0F95B996B9}.Debug|x86.Build.0 = Debug|Win32
		{B8FFD07F-0E4F-475F-A400-9D0F95B996B9}.Release_installer|x64.ActiveCfg = Release|x64
		{B8FFD07F-0E4F-475F-A400-9D0F95B996B9}.Release_installer|x64.Build.0 = Release|x64
		{B8FFD07F-0E4F-475F-A400-9D0F95B996B9}.Release_installer|x86.ActiveCfg = Release|Win32
		{B8FFD07F-0E4F-475F-A400-9D0F95B996B9}.Release_installer|x86.Build.0 = Release|Win32
		{B8FFD07F-0E4F-475F-A400-9D0F95B996B9}.Release_portable|x64.ActiveCfg = Release|x64
		{B8FFD07F-0E4F-475F-A400-9D0F95B996B9}.Release_portable|x64.Build.0 = Release|x64
		{B8FFD07F-0E4F-475F-A400-9D0F95B996B9}.Release_portable|x86.ActiveCfg = Release|Win32
		{B8FFD07F-0E4F-475F-A400-9D0F95B996B9}.Release_portable|x86.Build.0 = Release|Win32
		{B8FFD07F-0E4F-475F-A400-9D0F95B996B9}.Release|x64.ActiveCfg = Release|x64
		{B8FFD07F-0E4F-475F-A400-9D0F95B996B9}.Release|x64.Build.0 = Release|x64
		{B8FFD07F-0E4F-475F-A400-9D0F95B996B9}.Release|x86.ActiveCfg = Release|Win32
		{B8FFD07F-0E4F-475F-A400-9D0F95B996B9}.Release|x86.Build.0 = Release|Win32
		{3C0EB161-547C-44CC-9317-114451754A06}.Debug|x64.ActiveCfg = Debug
		{3C0EB161-547C-44CC-9317-114451754A06}.Debug|x64.Build.0 = Debug
		{3C0EB161-547C-44CC-9317-114451754A06}.Debug|x86.ActiveCfg = Debug
		{3C0EB161-547C-44CC-9317-114451754A06}.Debug|x86.Build.0 = Debug
		{3C0EB161-547C-44CC-9317-114451754A06}.Release_installer|x64.ActiveCfg = Release
		{3C0EB161-547C-44CC-9317-114451754A06}.Release_installer|x64.Build.0 = Release
		{3C0EB161-547C-44CC-9317-114451754A06}.Release_installer|x86.ActiveCfg = Release
		{3C0EB161-547C-44CC-9317-114451754A06}.Release_portable|x64.ActiveCfg = Release
		{3C0EB161-547C-44CC-9317-114451754A06}.Release_portable|x86.ActiveCfg = Release
		{3C0EB161-547C-44CC-9317-114451754A06}.Release|x64.ActiveCfg = Release
		{3C0EB161-547C-44CC-9317-114451754A06}.Release|x64.Build.0 = Release
		{3C0EB161-547C-44CC-9317-114451754A06}.Release|x86.ActiveCfg = Release
		{3C0EB161-547C-44CC-9317-114451754A06}.Release|x86.Build.0 = Release
		{BDDD09E0-F5E4-4814-8378-6A7B48ED6BD0}.Debug|x64.ActiveCfg = Debug
		{BDDD09E0-F5E4-4814-8378-6A7B48ED6BD0}.Debug|x86.ActiveCfg = Debug
		{BDDD09E0-F5E4-4814-8378-6A7B48ED6BD0}.Release_installer|x64.ActiveCfg = Release
		{BDDD09E0-F5E4-4814-8378-6A7B48ED6BD0}.Release_installer|x86.ActiveCfg = Release
		{BDDD09E0-F5E4-4814-8378-6A7B48ED6BD0}.Release_installer|x86.Build.0 = Release
		{BDDD09E0-F5E4-4814-8378-6A7B48ED6BD0}.Release_portable|x64.ActiveCfg = Release
		{BDDD09E0-F5E4-4814-8378-6A7B48ED6BD0}.Release_portable|x86.ActiveCfg = Release
		{BDDD09E0-F5E4-4814-8378-6A7B48ED6BD0}.Release|x64.ActiveCfg = Release
		{BDDD09E0-F5E4-4814-8378-6A7B48ED6BD0}.Release|x86.ActiveCfg = Release
		{127B95A8-88BA-479E-91AA-C716F8FF656B}.Debug|x64.ActiveCfg = Debug|x64
		{127B95A8-88BA-479E-91AA-C716F8FF656B}.Debug|x64.Build.0 = Debug|x64
		{127B95A8-88BA-479E-91AA-C716F8FF656B}.Debug|x86.ActiveCfg = Debug|Win32
		{127B95A8-88BA-479E-91AA-C716F8FF656B}.Debug|x86.Build.0 = Debug|Win32
		{127B95A8-88BA-479E-91AA-C716F8FF656B}.Release_installer|x64.ActiveCfg = Release|x64
		{127B95A8-88BA-479E-91AA-C716F8FF656B}.Release_installer|x64.Build.0 = Release|x64
		{127B95A8-88BA-479E-91AA-C716F8FF656B}.Release_installer|x86.ActiveCfg = Release|Win32
		{127B95A8-88BA-479E-91AA-C716F8FF656B}.Release_installer|x86.Build.0 = Release|Win32
		{127B95A8-88BA-479E-91AA-C716F8FF656B}.Release_portable|x64.ActiveCfg = Release|x64
		{127B95A8-88BA-479E-91AA-C716F8FF656B}.Release_portable|x64.Build.0 = Release|x64
		{127B95A8-88BA-479E-91AA-C716F8FF656B}.Release_portable|x86.ActiveCfg = Release|Win32
		{127B95A8-88BA-479E-91AA-C716F8FF656B}.Release_portable|x86.Build.0 = Release|Win32
		{127B95A8-88BA-479E-91AA-C716F8FF656B}.Release|x64.ActiveCfg = Release|x64
		{127B95A8-88BA-479E-91AA-C716F8FF656B}.Release|x64.Build.0 = Release|x64
		{127B95A8-88BA-479E-91AA-C716F8FF656B}.Release|x86.ActiveCfg = Release|Win32
		{127B95A8-88BA-479E-91AA-C716F8FF656B}.Release|x86.Build.0 = Release|Win32
		{81CE8DAF-EBB2-4761-8E45-B71ABCCA8C68}.Debug|x64.ActiveCfg = Debug|x64
		{81CE8DAF-EBB2-4761-8E45-B71ABCCA8C68}.Debug|x64.Build.0 = Debug|x64
		{81CE8DAF-EBB2-4761-8E45-B71ABCCA8C68}.Debug|x86.ActiveCfg = Debug|Win32
		{81CE8DAF-EBB2-4761-8E45-B71ABCCA8C68}.Debug|x86.Build.0 = Debug|Win32
		{81CE8DAF-EBB2-4761-8E45-B71ABCCA8C68}.Release_installer|x64.ActiveCfg = Release|x64
		{81CE8DAF-EBB2-4761-8E45-B71ABCCA8C68}.Release_installer|x64.Build.0 = Release|x64
		{81CE8DAF-EBB2-4761-8E45-B71ABCCA8C68}.Release_installer|x86.ActiveCfg = Release|Win32
		{81CE8DAF-EBB2-4761-8E45-B71ABCCA8C68}.Release_installer|x86.Build.0 = Release|Win32
		{81CE8DAF-EBB2-4761-8E45-B71ABCCA8C68}.Release_portable|x64.ActiveCfg = Release|x64
		{81CE8DAF-EBB2-4761-8E45-B71ABCCA8C68}.Release_portable|x64.Build.0 = Release|x64
		{81CE8DAF-EBB2-4761-8E45-B71ABCCA8C68}.Release_portable|x86.ActiveCfg = Release|Win32
		{81CE8DAF-EBB2-4761-8E45-B71ABCCA8C68}.Release_portable|x86.Build.0 = Release|Win32
		{81CE8DAF-EBB2-4761-8E45-B71ABCCA8C68}.Release|x64.ActiveCfg = Release|x64
		{81CE8DAF-EBB2-4761-8E45-B71ABCCA8C68}.Release|x64.Build.0 = Release|x64
		{81CE8DAF-EBB2-4761-8E45-B71ABCCA8C68}.Release|x86.ActiveCfg = Release|Win32
		{81CE8DAF-EBB2-4761-8E45-B71ABCCA8C68}.Release|x86.Build.0 = Release|Win32
		{DA956FD3-E142-46F2-9DD5-C78BEBB56B7A}.Debug|x64.ActiveCfg = Debug|x64
		{DA956FD3-E142-46F2-9DD5-C78BEBB56B7A}.Debug|x64.Build.0 = Debug|x64
		{DA956FD3-E142-46F2-9DD5-C78BEBB56B7A}.Debug|x86.ActiveCfg = Debug|Win32
		{DA956FD3-E142-46F2-9DD5-C78BEBB56B7A}.Debug|x86.Build.0 = Debug|Win32
		{DA956FD3-E142-46F2-9DD5-C78BEBB56B7A}.Release_installer|x64.ActiveCfg = Release|x64
		{DA956FD3-E142-46F2-9DD5-C78BEBB56B7A}.Release_installer|x64.Build.0 = Release|x64
		{DA956FD3-E142-46F2-9DD5-C78BEBB56B7A}.Release_installer|x86.ActiveCfg = Release|Win32
		{DA956FD3-E142-46F2-9DD5-C78BEBB56B7A}.Release_installer|x86.Build.0 = Release|Win32
		{DA956FD3-E142-46F2-9DD5-C78BEBB56B7A}.Release_portable|x64.ActiveCfg = Release|x64
		{DA956FD3-E142-46F2-9DD5-C78BEBB56B7A}.Release_portable|x64.Build.0 = Release|x64
		{DA956FD3-E142-46F2-9DD5-C78BEBB56B7A}.Release_portable|x86.ActiveCfg = Release|Win32
		{DA956FD3-E142-46F2-9DD5-C78BEBB56B7A}.Release_portable|x86.Build.0 = Release|Win32
		{DA956FD3-E142-46F2-9DD5-C78BEBB56B7A}.Release|x64.ActiveCfg = Release|x64
		{DA956FD3-E142-46F2-9DD5-C78BEBB56B7A}.Release|x64.Build.0 = Release|x64
		{DA956FD3-E142-46F2-9DD5-C78BEBB56B7A}.Release|x86.ActiveCfg = Release|Win32
		{DA956FD3-E142-46F2-9DD5-C78BEBB56B7A}.Release|x86.Build.0 = Release|Win32
		{43A07674-191F-4B63-9D13-E5EC3953B0A2}.Debug|x64.ActiveCfg = Debug|x64
		{43A07674-191F-4B63-9D13-E5EC3953B0A2}.Debug|x64.Build.0 = Debug|x64
		{43A07674-191F-4B63-9D13-E5EC3953B0A2}.Debug|x86.ActiveCfg = Debug|Win32
		{43A07674-191F-4B63-9D13-E5EC3953B0A2}.Debug|x86.Build.0 = Debug|Win32
		{43A07674-191F-4B63-9D13-E5EC3953B0A2}.Release_installer|x64.ActiveCfg = Release|x64
		{43A07674-191F-4B63-9D13-E5EC3953B0A2}.Release_installer|x64.Build.0 = Release|x64
		{43A07674-191F-4B63-9D13-E5EC3953B0A2}.Release_installer|x86.ActiveCfg = Release|Win32
		{43A07674-191F-4B63-9D13-E5EC3953B0A2}.Release_installer|x86.Build.0 = Release|Win32
		{43A07674-191F-4B63-9D13-E5EC3953B0A2}.Release_portable|x64.ActiveCfg = Release|x64
		{43A07674-191F-4B63-9D13-E5EC3953B0A2}.Release_portable|x64.Build.0 = Release|x64
		{43A07674-191F-4B63-9D13-E5EC3953B0A2}.Release_portable|x86.ActiveCfg = Release|Win32
		{43A07674-191F-4B63-9D13-E5EC3953B0A2}.Release_portable|x86.Build.0 = Release|Win32
		{43A07674-191F-4B63-9D13-E5EC3953B0A2}.Release|x64.ActiveCfg = Release|x64
		{43A07674-191F-4B63-9D13-E5EC3953B0A2}.Release|x64.Build.0 = Release|x64
		{43A07674-191F-4B63-9D13-E5EC3953B0A2}.Release|x86.ActiveCfg = Release|Win32
		{43A07674-191F-4B63-9D13-E5EC3953B0A2}.Release|x86.Build.0 = Release|Win32
	EndGlobalSection
	GlobalSection(SolutionProperties) = preSolution
		HideSolutionNode = FALSE
	EndGlobalSection
	GlobalSection(ExtensibilityGlobals) = postSolution
		SolutionGuid = {1372E474-F77C-4CD8-B97A-2DF3CEAF6789}
	EndGlobalSection
EndGlobal
